// !$*UTF8*$!
{
	archiveVersion = 1;
	classes = {
	};
	objectVersion = 46;
	objects = {

/* Begin PBXBuildFile section */
		CB3E278D1C5BF71600755EEA /* AppDelegate.swift in Sources */ = {isa = PBXBuildFile; fileRef = CB3E278C1C5BF71600755EEA /* AppDelegate.swift */; };
		CB3E278F1C5BF71600755EEA /* ViewController.swift in Sources */ = {isa = PBXBuildFile; fileRef = CB3E278E1C5BF71600755EEA /* ViewController.swift */; };
		CB3E27921C5BF71600755EEA /* Main.storyboard in Resources */ = {isa = PBXBuildFile; fileRef = CB3E27901C5BF71600755EEA /* Main.storyboard */; };
		CB3E27941C5BF71600755EEA /* Assets.xcassets in Resources */ = {isa = PBXBuildFile; fileRef = CB3E27931C5BF71600755EEA /* Assets.xcassets */; };
		CB3E27971C5BF71600755EEA /* LaunchScreen.storyboard in Resources */ = {isa = PBXBuildFile; fileRef = CB3E27951C5BF71600755EEA /* LaunchScreen.storyboard */; };
		CB3E279F1C5BFCF700755EEA /* File.swift in Sources */ = {isa = PBXBuildFile; fileRef = CB3E279E1C5BFCF700755EEA /* File.swift */; };
/* End PBXBuildFile section */

/* Begin PBXFileReference section */
		CB3E27891C5BF71600755EEA /* agenciaAutos.app */ = {isa = PBXFileReference; explicitFileType = wrapper.application; includeInIndex = 0; path = agenciaAutos.app; sourceTree = BUILT_PRODUCTS_DIR; };
		CB3E278C1C5BF71600755EEA /* AppDelegate.swift */ = {isa = PBXFileReference; lastKnownFileType = sourcecode.swift; path = AppDelegate.swift; sourceTree = "<group>"; };
		CB3E278E1C5BF71600755EEA /* ViewController.swift */ = {isa = PBXFileReference; lastKnownFileType = sourcecode.swift; path = ViewController.swift; sourceTree = "<group>"; };
		CB3E27911C5BF71600755EEA /* Base */ = {isa = PBXFileReference; lastKnownFileType = file.storyboard; name = Base; path = Base.lproj/Main.storyboard; sourceTree = "<group>"; };
		CB3E27931C5BF71600755EEA /* Assets.xcassets */ = {isa = PBXFileReference; lastKnownFileType = folder.assetcatalog; path = Assets.xcassets; sourceTree = "<group>"; };
		CB3E27961C5BF71600755EEA /* Base */ = {isa = PBXFileReference; lastKnownFileType = file.storyboard; name = Base; path = Base.lproj/LaunchScreen.storyboard; sourceTree = "<group>"; };
		CB3E27981C5BF71600755EEA /* Info.plist */ = {isa = PBXFileReference; lastKnownFileType = text.plist.xml; path = Info.plist; sourceTree = "<group>"; };
		CB3E279E1C5BFCF700755EEA /* File.swift */ = {isa = PBXFileReference; fileEncoding = 4; lastKnownFileType = sourcecode.swift; path = File.swift; sourceTree = "<group>"; };
/* End PBXFileReference section */

/* Begin PBXFrameworksBuildPhase section */
		CB3E27861C5BF71600755EEA /* Frameworks */ = {
			isa = PBXFrameworksBuildPhase;
			buildActionMask = 2147483647;
			files = (
			);
			runOnlyForDeploymentPostprocessing = 0;
		};
/* End PBXFrameworksBuildPhase section */

/* Begin PBXGroup section */
		CB3E27801C5BF71600755EEA = {
			isa = PBXGroup;
			children = (
				CB3E278B1C5BF71600755EEA /* agenciaAutos */,
				CB3E278A1C5BF71600755EEA /* Products */,
			);
			sourceTree = "<group>";
		};
		CB3E278A1C5BF71600755EEA /* Products */ = {
			isa = PBXGroup;
			children = (
				CB3E27891C5BF71600755EEA /* agenciaAutos.app */,
			);
			name = Products;
			sourceTree = "<group>";
		};
		CB3E278B1C5BF71600755EEA /* agenciaAutos */ = {
			isa = PBXGroup;
			children = (
				CB3E278C1C5BF71600755EEA /* AppDelegate.swift */,
				CB3E278E1C5BF71600755EEA /* ViewController.swift */,
				CB3E27901C5BF71600755EEA /* Main.storyboard */,
				CB3E27931C5BF71600755EEA /* Assets.xcassets */,
				CB3E27951C5BF71600755EEA /* LaunchScreen.storyboard */,
				CB3E27981C5BF71600755EEA /* Info.plist */,
				CB3E279E1C5BFCF700755EEA /* File.swift */,
			);
			path = agenciaAutos;
			sourceTree = "<group>";
		};
/* End PBXGroup section */

/* Begin PBXNativeTarget section */
		CB3E27881C5BF71600755EEA /* agenciaAutos */ = {
			isa = PBXNativeTarget;
			buildConfigurationList = CB3E279B1C5BF71600755EEA /* Build configuration list for PBXNativeTarget "agenciaAutos" */;
			buildPhases = (
				CB3E27851C5BF71600755EEA /* Sources */,
				CB3E27861C5BF71600755EEA /* Frameworks */,
				CB3E27871C5BF71600755EEA /* Resources */,
			);
			buildRules = (
			);
			dependencies = (
			);
			name = agenciaAutos;
			productName = agenciaAutos;
			productReference = CB3E27891C5BF71600755EEA /* agenciaAutos.app */;
			productType = "com.apple.product-type.application";
		};
/* End PBXNativeTarget section */

/* Begin PBXProject section */
		CB3E27811C5BF71600755EEA /* Project object */ = {
			isa = PBXProject;
			attributes = {
				LastSwiftUpdateCheck = 0720;
				LastUpgradeCheck = 0720;
				ORGANIZATIONNAME = viktor;
				TargetAttributes = {
					CB3E27881C5BF71600755EEA = {
						CreatedOnToolsVersion = 7.2;
					};
				};
			};
			buildConfigurationList = CB3E27841C5BF71600755EEA /* Build configuration list for PBXProject "agenciaAutos" */;
			compatibilityVersion = "Xcode 3.2";
			developmentRegion = English;
			hasScannedForEncodings = 0;
			knownRegions = (
				en,
				Base,
			);
			mainGroup = CB3E27801C5BF71600755EEA;
			productRefGroup = CB3E278A1C5BF71600755EEA /* Products */;
			projectDirPath = "";
			projectRoot = "";
			targets = (
				CB3E27881C5BF71600755EEA /* agenciaAutos */,
			);
		};
/* End PBXProject section */

/* Begin PBXResourcesBuildPhase section */
		CB3E27871C5BF71600755EEA /* Resources */ = {
			isa = PBXResourcesBuildPhase;
			buildActionMask = 2147483647;
			files = (
				CB3E27971C5BF71600755EEA /* LaunchScreen.storyboard in Resources */,
				CB3E27941C5BF71600755EEA /* Assets.xcassets in Resources */,
				CB3E27921C5BF71600755EEA /* Main.storyboard in Resources */,
			);
			runOnlyForDeploymentPostprocessing = 0;
		};
/* End PBXResourcesBuildPhase section */

/* Begin PBXSourcesBuildPhase section */
		CB3E27851C5BF71600755EEA /* Sources */ = {
			isa = PBXSourcesBuildPhase;
			buildActionMask = 2147483647;
			files = (
				CB3E278F1C5BF71600755EEA /* ViewController.swift in Sources */,
				CB3E278D1C5BF71600755EEA /* AppDelegate.swift in Sources */,
				CB3E279F1C5BFCF700755EEA /* File.swift in Sources */,
			);
			runOnlyForDeploymentPostprocessing = 0;
		};
/* End PBXSourcesBuildPhase section */

/* Begin PBXVariantGroup section */
		CB3E27901C5BF71600755EEA /* Main.storyboard */ = {
			isa = PBXVariantGroup;
			children = (
				CB3E27911C5BF71600755EEA /* Base */,
			);
			name = Main.storyboard;
			sourceTree = "<group>";
		};
		CB3E27951C5BF71600755EEA /* LaunchScreen.storyboard */ = {
			isa = PBXVariantGroup;
			children = (
				CB3E27961C5BF71600755EEA /* Base */,
			);
			name = LaunchScreen.storyboard;
			sourceTree = "<group>";
		};
/* End PBXVariantGroup section */

/* Begin XCBuildConfiguration section */
		CB3E27991C5BF71600755EEA /* Debug */ = {
			isa = XCBuildConfiguration;
			buildSettings = {
				ALWAYS_SEARCH_USER_PATHS = NO;
				CLANG_CXX_LANGUAGE_STANDARD = "gnu++0x";
				CLANG_CXX_LIBRARY = "libc++";
				CLANG_ENABLE_MODULES = YES;
				CLANG_ENABLE_OBJC_ARC = YES;
				CLANG_WARN_BOOL_CONVERSION = YES;
				CLANG_WARN_CONSTANT_CONVERSION = YES;
				CLANG_WARN_DIRECT_OBJC_ISA_USAGE = YES_ERROR;
				CLANG_WARN_EMPTY_BODY = YES;
				CLANG_WARN_ENUM_CONVERSION = YES;
				CLANG_WARN_INT_CONVERSION = YES;
				CLANG_WARN_OBJC_ROOT_CLASS = YES_ERROR;
				CLANG_WARN_UNREACHABLE_CODE = YES;
				CLANG_WARN__DUPLICATE_METHOD_MATCH = YES;
				"CODE_SIGN_IDENTITY[sdk=iphoneos*]" = "iPhone Developer";
				COPY_PHASE_STRIP = NO;
				DEBUG_INFORMATION_FORMAT = dwarf;
				ENABLE_STRICT_OBJC_MSGSEND = YES;
				ENABLE_TESTABILITY = YES;
				GCC_C_LANGUAGE_STANDARD = gnu99;
				GCC_DYNAMIC_NO_PIC = NO;
				GCC_NO_COMMON_BLOCKS = YES;
				GCC_OPTIMIZATION_LEVEL = 0;
				GCC_PREPROCESSOR_DEFINITIONS = (
					"DEBUG=1",
					"$(inherited)",
				);
				GCC_WARN_64_TO_32_BIT_CONVERSION = YES;
				GCC_WARN_ABOUT_RETURN_TYPE = YES_ERROR;
				GCC_WARN_UNDECLARED_SELECTOR = YES;
				GCC_WARN_UNINITIALIZED_AUTOS = YES_AGGRESSIVE;
				GCC_WARN_UNUSED_FUNCTION = YES;
				GCC_WARN_UNUSED_VARIABLE = YES;
				IPHONEOS_DEPLOYMENT_TARGET = 9.2;
				MTL_ENABLE_DEBUG_INFO = YES;
				ONLY_ACTIVE_ARCH = YES;
				SDKROOT = iphoneos;
				SWIFT_OPTIMIZATION_LEVEL = "-Onone";
			};
			name = Debug;
		};
		CB3E279A1C5BF71600755EEA /* Release */ = {
			isa = XCBuildConfiguration;
			buildSettings = {
				ALWAYS_SEARCH_USER_PATHS = NO;
				CLANG_CXX_LANGUAGE_STANDARD = "gnu++0x";
				CLANG_CXX_LIBRARY = "libc++";
				CLANG_ENABLE_MODULES = YES;
				CLANG_ENABLE_OBJC_ARC = YES;
				CLANG_WARN_BOOL_CONVERSION = YES;
				CLANG_WARN_CONSTANT_CONVERSION = YES;
				CLANG_WARN_DIRECT_OBJC_ISA_USAGE = YES_ERROR;
				CLANG_WARN_EMPTY_BODY = YES;
				CLANG_WARN_ENUM_CONVERSION = YES;
				CLANG_WARN_INT_CONVERSION = YES;
				CLANG_WARN_OBJC_ROOT_CLASS = YES_ERROR;
				CLANG_WARN_UNREACHABLE_CODE = YES;
				CLANG_WARN__DUPLICATE_METHOD_MATCH = YES;
				"CODE_SIGN_IDENTITY[sdk=iphoneos*]" = "iPhone Developer";
				COPY_PHASE_STRIP = NO;
				DEBUG_INFORMATION_FORMAT = "dwarf-with-dsym";
				ENABLE_NS_ASSERTIONS = NO;
				ENABLE_STRICT_OBJC_MSGSEND = YES;
				GCC_C_LANGUAGE_STANDARD = gnu99;
				GCC_NO_COMMON_BLOCKS = YES;
				GCC_WARN_64_TO_32_BIT_CONVERSION = YES;
				GCC_WARN_ABOUT_RETURN_TYPE = YES_ERROR;
				GCC_WARN_UNDECLARED_SELECTOR = YES;
				GCC_WARN_UNINITIALIZED_AUTOS = YES_AGGRESSIVE;
				GCC_WARN_UNUSED_FUNCTION = YES;
				GCC_WARN_UNUSED_VARIABLE = YES;
				IPHONEOS_DEPLOYMENT_TARGET = 9.2;
				MTL_ENABLE_DEBUG_INFO = NO;
				SDKROOT = iphoneos;
				VALIDATE_PRODUCT = YES;
			};
			name = Release;
		};
		CB3E279C1C5BF71600755EEA /* Debug */ = {
			isa = XCBuildConfiguration;
			buildSettings = {
				ASSETCATALOG_COMPILER_APPICON_NAME = AppIcon;
				INFOPLIST_FILE = agenciaAutos/Info.plist;
				LD_RUNPATH_SEARCH_PATHS = "$(inherited) @executable_path/Frameworks";
				PRODUCT_BUNDLE_IDENTIFIER = com.viktor.agenciaAutos;
				PRODUCT_NAME = "$(TARGET_NAME)";
			};
			name = Debug;
		};
		CB3E279D1C5BF71600755EEA /* Release */ = {
			isa = XCBuildConfiguration;
			buildSettings = {
				ASSETCATALOG_COMPILER_APPICON_NAME = AppIcon;
				INFOPLIST_FILE = agenciaAutos/Info.plist;
				LD_RUNPATH_SEARCH_PATHS = "$(inherited) @executable_path/Frameworks";
				PRODUCT_BUNDLE_IDENTIFIER = com.viktor.agenciaAutos;
				PRODUCT_NAME = "$(TARGET_NAME)";
			};
			name = Release;
		};
/* End XCBuildConfiguration section */

/* Begin XCConfigurationList section */
		CB3E27841C5BF71600755EEA /* Build configuration list for PBXProject "agenciaAutos" */ = {
			isa = XCConfigurationList;
			buildConfigurations = (
				CB3E27991C5BF71600755EEA /* Debug */,
				CB3E279A1C5BF71600755EEA /* Release */,
			);
			defaultConfigurationIsVisible = 0;
			defaultConfigurationName = Release;
		};
		CB3E279B1C5BF71600755EEA /* Build configuration list for PBXNativeTarget "agenciaAutos" */ = {
			isa = XCConfigurationList;
			buildConfigurations = (
				CB3E279C1C5BF71600755EEA /* Debug */,
				CB3E279D1C5BF71600755EEA /* Release */,
			);
			defaultConfigurationIsVisible = 0;
		};
/* End XCConfigurationList section */
	};
	rootObject = CB3E27811C5BF71600755EEA /* Project object */;
}
